// !$*UTF8*$!
{
	archiveVersion = 1;
	classes = {
	};
	objectVersion = 46;
	objects = {

/* Begin PBXBuildFile section */
		714E0CF81C7FC75600341A5B /* AppDelegate.swift in Sources */ = {isa = PBXBuildFile; fileRef = 714E0CF71C7FC75600341A5B /* AppDelegate.swift */; };
		714E0CFA1C7FC75600341A5B /* ViewController.swift in Sources */ = {isa = PBXBuildFile; fileRef = 714E0CF91C7FC75600341A5B /* ViewController.swift */; };
		714E0CFD1C7FC75600341A5B /* Main.storyboard in Resources */ = {isa = PBXBuildFile; fileRef = 714E0CFB1C7FC75600341A5B /* Main.storyboard */; };
		714E0CFF1C7FC75600341A5B /* Assets.xcassets in Resources */ = {isa = PBXBuildFile; fileRef = 714E0CFE1C7FC75600341A5B /* Assets.xcassets */; };
		714E0D021C7FC75600341A5B /* LaunchScreen.storyboard in Resources */ = {isa = PBXBuildFile; fileRef = 714E0D001C7FC75600341A5B /* LaunchScreen.storyboard */; };
		714E0D0D1C7FC75600341A5B /* stop_goTests.swift in Sources */ = {isa = PBXBuildFile; fileRef = 714E0D0C1C7FC75600341A5B /* stop_goTests.swift */; };
		714E0D181C7FC75600341A5B /* stop_goUITests.swift in Sources */ = {isa = PBXBuildFile; fileRef = 714E0D171C7FC75600341A5B /* stop_goUITests.swift */; };
/* End PBXBuildFile section */

/* Begin PBXContainerItemProxy section */
		714E0D091C7FC75600341A5B /* PBXContainerItemProxy */ = {
			isa = PBXContainerItemProxy;
			containerPortal = 714E0CEC1C7FC75600341A5B /* Project object */;
			proxyType = 1;
			remoteGlobalIDString = 714E0CF31C7FC75600341A5B;
			remoteInfo = stop_go;
		};
		714E0D141C7FC75600341A5B /* PBXContainerItemProxy */ = {
			isa = PBXContainerItemProxy;
			containerPortal = 714E0CEC1C7FC75600341A5B /* Project object */;
			proxyType = 1;
			remoteGlobalIDString = 714E0CF31C7FC75600341A5B;
			remoteInfo = stop_go;
		};
/* End PBXContainerItemProxy section */

/* Begin PBXFileReference section */
		714E0CF41C7FC75600341A5B /* stop_go.app */ = {isa = PBXFileReference; explicitFileType = wrapper.application; includeInIndex = 0; path = stop_go.app; sourceTree = BUILT_PRODUCTS_DIR; };
		714E0CF71C7FC75600341A5B /* AppDelegate.swift */ = {isa = PBXFileReference; lastKnownFileType = sourcecode.swift; path = AppDelegate.swift; sourceTree = "<group>"; };
		714E0CF91C7FC75600341A5B /* ViewController.swift */ = {isa = PBXFileReference; lastKnownFileType = sourcecode.swift; path = ViewController.swift; sourceTree = "<group>"; };
		714E0CFC1C7FC75600341A5B /* Base */ = {isa = PBXFileReference; lastKnownFileType = file.storyboard; name = Base; path = Base.lproj/Main.storyboard; sourceTree = "<group>"; };
		714E0CFE1C7FC75600341A5B /* Assets.xcassets */ = {isa = PBXFileReference; lastKnownFileType = folder.assetcatalog; path = Assets.xcassets; sourceTree = "<group>"; };
		714E0D011C7FC75600341A5B /* Base */ = {isa = PBXFileReference; lastKnownFileType = file.storyboard; name = Base; path = Base.lproj/LaunchScreen.storyboard; sourceTree = "<group>"; };
		714E0D031C7FC75600341A5B /* Info.plist */ = {isa = PBXFileReference; lastKnownFileType = text.plist.xml; path = Info.plist; sourceTree = "<group>"; };
		714E0D081C7FC75600341A5B /* stop_goTests.xctest */ = {isa = PBXFileReference; explicitFileType = wrapper.cfbundle; includeInIndex = 0; path = stop_goTests.xctest; sourceTree = BUILT_PRODUCTS_DIR; };
		714E0D0C1C7FC75600341A5B /* stop_goTests.swift */ = {isa = PBXFileReference; lastKnownFileType = sourcecode.swift; path = stop_goTests.swift; sourceTree = "<group>"; };
		714E0D0E1C7FC75600341A5B /* Info.plist */ = {isa = PBXFileReference; lastKnownFileType = text.plist.xml; path = Info.plist; sourceTree = "<group>"; };
		714E0D131C7FC75600341A5B /* stop_goUITests.xctest */ = {isa = PBXFileReference; explicitFileType = wrapper.cfbundle; includeInIndex = 0; path = stop_goUITests.xctest; sourceTree = BUILT_PRODUCTS_DIR; };
		714E0D171C7FC75600341A5B /* stop_goUITests.swift */ = {isa = PBXFileReference; lastKnownFileType = sourcecode.swift; path = stop_goUITests.swift; sourceTree = "<group>"; };
		714E0D191C7FC75600341A5B /* Info.plist */ = {isa = PBXFileReference; lastKnownFileType = text.plist.xml; path = Info.plist; sourceTree = "<group>"; };
/* End PBXFileReference section */

/* Begin PBXFrameworksBuildPhase section */
		714E0CF11C7FC75600341A5B /* Frameworks */ = {
			isa = PBXFrameworksBuildPhase;
			buildActionMask = 2147483647;
			files = (
			);
			runOnlyForDeploymentPostprocessing = 0;
		};
		714E0D051C7FC75600341A5B /* Frameworks */ = {
			isa = PBXFrameworksBuildPhase;
			buildActionMask = 2147483647;
			files = (
			);
			runOnlyForDeploymentPostprocessing = 0;
		};
		714E0D101C7FC75600341A5B /* Frameworks */ = {
			isa = PBXFrameworksBuildPhase;
			buildActionMask = 2147483647;
			files = (
			);
			runOnlyForDeploymentPostprocessing = 0;
		};
/* End PBXFrameworksBuildPhase section */

/* Begin PBXGroup section */
		714E0CEB1C7FC75600341A5B = {
			isa = PBXGroup;
			children = (
				714E0CF61C7FC75600341A5B /* stop_go */,
				714E0D0B1C7FC75600341A5B /* stop_goTests */,
				714E0D161C7FC75600341A5B /* stop_goUITests */,
				714E0CF51C7FC75600341A5B /* Products */,
			);
			sourceTree = "<group>";
		};
		714E0CF51C7FC75600341A5B /* Products */ = {
			isa = PBXGroup;
			children = (
				714E0CF41C7FC75600341A5B /* stop_go.app */,
				714E0D081C7FC75600341A5B /* stop_goTests.xctest */,
				714E0D131C7FC75600341A5B /* stop_goUITests.xctest */,
			);
			name = Products;
			sourceTree = "<group>";
		};
		714E0CF61C7FC75600341A5B /* stop_go */ = {
			isa = PBXGroup;
			children = (
				714E0CF71C7FC75600341A5B /* AppDelegate.swift */,
				714E0CF91C7FC75600341A5B /* ViewController.swift */,
				714E0CFB1C7FC75600341A5B /* Main.storyboard */,
				714E0CFE1C7FC75600341A5B /* Assets.xcassets */,
				714E0D001C7FC75600341A5B /* LaunchScreen.storyboard */,
				714E0D031C7FC75600341A5B /* Info.plist */,
			);
			path = stop_go;
			sourceTree = "<group>";
		};
		714E0D0B1C7FC75600341A5B /* stop_goTests */ = {
			isa = PBXGroup;
			children = (
				714E0D0C1C7FC75600341A5B /* stop_goTests.swift */,
				714E0D0E1C7FC75600341A5B /* Info.plist */,
			);
			path = stop_goTests;
			sourceTree = "<group>";
		};
		714E0D161C7FC75600341A5B /* stop_goUITests */ = {
			isa = PBXGroup;
			children = (
				714E0D171C7FC75600341A5B /* stop_goUITests.swift */,
				714E0D191C7FC75600341A5B /* Info.plist */,
			);
			path = stop_goUITests;
			sourceTree = "<group>";
		};
/* End PBXGroup section */

/* Begin PBXNativeTarget section */
		714E0CF31C7FC75600341A5B /* stop_go */ = {
			isa = PBXNativeTarget;
			buildConfigurationList = 714E0D1C1C7FC75600341A5B /* Build configuration list for PBXNativeTarget "stop_go" */;
			buildPhases = (
				714E0CF01C7FC75600341A5B /* Sources */,
				714E0CF11C7FC75600341A5B /* Frameworks */,
				714E0CF21C7FC75600341A5B /* Resources */,
			);
			buildRules = (
			);
			dependencies = (
			);
			name = stop_go;
			productName = stop_go;
			productReference = 714E0CF41C7FC75600341A5B /* stop_go.app */;
			productType = "com.apple.product-type.application";
		};
		714E0D071C7FC75600341A5B /* stop_goTests */ = {
			isa = PBXNativeTarget;
			buildConfigurationList = 714E0D1F1C7FC75600341A5B /* Build configuration list for PBXNativeTarget "stop_goTests" */;
			buildPhases = (
				714E0D041C7FC75600341A5B /* Sources */,
				714E0D051C7FC75600341A5B /* Frameworks */,
				714E0D061C7FC75600341A5B /* Resources */,
			);
			buildRules = (
			);
			dependencies = (
				714E0D0A1C7FC75600341A5B /* PBXTargetDependency */,
			);
			name = stop_goTests;
			productName = stop_goTests;
			productReference = 714E0D081C7FC75600341A5B /* stop_goTests.xctest */;
			productType = "com.apple.product-type.bundle.unit-test";
		};
		714E0D121C7FC75600341A5B /* stop_goUITests */ = {
			isa = PBXNativeTarget;
			buildConfigurationList = 714E0D221C7FC75600341A5B /* Build configuration list for PBXNativeTarget "stop_goUITests" */;
			buildPhases = (
				714E0D0F1C7FC75600341A5B /* Sources */,
				714E0D101C7FC75600341A5B /* Frameworks */,
				714E0D111C7FC75600341A5B /* Resources */,
			);
			buildRules = (
			);
			dependencies = (
				714E0D151C7FC75600341A5B /* PBXTargetDependency */,
			);
			name = stop_goUITests;
			productName = stop_goUITests;
			productReference = 714E0D131C7FC75600341A5B /* stop_goUITests.xctest */;
			productType = "com.apple.product-type.bundle.ui-testing";
		};
/* End PBXNativeTarget section */

/* Begin PBXProject section */
		714E0CEC1C7FC75600341A5B /* Project object */ = {
			isa = PBXProject;
			attributes = {
				LastSwiftUpdateCheck = 0720;
				LastUpgradeCheck = 0720;
				ORGANIZATIONNAME = "Joseph Gallagher";
				TargetAttributes = {
					714E0CF31C7FC75600341A5B = {
						CreatedOnToolsVersion = 7.2.1;
					};
					714E0D071C7FC75600341A5B = {
						CreatedOnToolsVersion = 7.2.1;
						TestTargetID = 714E0CF31C7FC75600341A5B;
					};
					714E0D121C7FC75600341A5B = {
						CreatedOnToolsVersion = 7.2.1;
						TestTargetID = 714E0CF31C7FC75600341A5B;
					};
				};
			};
			buildConfigurationList = 714E0CEF1C7FC75600341A5B /* Build configuration list for PBXProject "stop_go" */;
			compatibilityVersion = "Xcode 3.2";
			developmentRegion = English;
			hasScannedForEncodings = 0;
			knownRegions = (
				en,
				Base,
			);
			mainGroup = 714E0CEB1C7FC75600341A5B;
			productRefGroup = 714E0CF51C7FC75600341A5B /* Products */;
			projectDirPath = "";
			projectRoot = "";
			targets = (
				714E0CF31C7FC75600341A5B /* stop_go */,
				714E0D071C7FC75600341A5B /* stop_goTests */,
				714E0D121C7FC75600341A5B /* stop_goUITests */,
			);
		};
/* End PBXProject section */

/* Begin PBXResourcesBuildPhase section */
		714E0CF21C7FC75600341A5B /* Resources */ = {
			isa = PBXResourcesBuildPhase;
			buildActionMask = 2147483647;
			files = (
				714E0D021C7FC75600341A5B /* LaunchScreen.storyboard in Resources */,
				714E0CFF1C7FC75600341A5B /* Assets.xcassets in Resources */,
				714E0CFD1C7FC75600341A5B /* Main.storyboard in Resources */,
			);
			runOnlyForDeploymentPostprocessing = 0;
		};
		714E0D061C7FC75600341A5B /* Resources */ = {
			isa = PBXResourcesBuildPhase;
			buildActionMask = 2147483647;
			files = (
			);
			runOnlyForDeploymentPostprocessing = 0;
		};
		714E0D111C7FC75600341A5B /* Resources */ = {
			isa = PBXResourcesBuildPhase;
			buildActionMask = 2147483647;
			files = (
			);
			runOnlyForDeploymentPostprocessing = 0;
		};
/* End PBXResourcesBuildPhase section */

/* Begin PBXSourcesBuildPhase section */
		714E0CF01C7FC75600341A5B /* Sources */ = {
			isa = PBXSourcesBuildPhase;
			buildActionMask = 2147483647;
			files = (
				714E0CFA1C7FC75600341A5B /* ViewController.swift in Sources */,
				714E0CF81C7FC75600341A5B /* AppDelegate.swift in Sources */,
			);
			runOnlyForDeploymentPostprocessing = 0;
		};
		714E0D041C7FC75600341A5B /* Sources */ = {
			isa = PBXSourcesBuildPhase;
			buildActionMask = 2147483647;
			files = (
				714E0D0D1C7FC75600341A5B /* stop_goTests.swift in Sources */,
			);
			runOnlyForDeploymentPostprocessing = 0;
		};
		714E0D0F1C7FC75600341A5B /* Sources */ = {
			isa = PBXSourcesBuildPhase;
			buildActionMask = 2147483647;
			files = (
				714E0D181C7FC75600341A5B /* stop_goUITests.swift in Sources */,
			);
			runOnlyForDeploymentPostprocessing = 0;
		};
/* End PBXSourcesBuildPhase section */

/* Begin PBXTargetDependency section */
		714E0D0A1C7FC75600341A5B /* PBXTargetDependency */ = {
			isa = PBXTargetDependency;
			target = 714E0CF31C7FC75600341A5B /* stop_go */;
			targetProxy = 714E0D091C7FC75600341A5B /* PBXContainerItemProxy */;
		};
		714E0D151C7FC75600341A5B /* PBXTargetDependency */ = {
			isa = PBXTargetDependency;
			target = 714E0CF31C7FC75600341A5B /* stop_go */;
			targetProxy = 714E0D141C7FC75600341A5B /* PBXContainerItemProxy */;
		};
/* End PBXTargetDependency section */

/* Begin PBXVariantGroup section */
		714E0CFB1C7FC75600341A5B /* Main.storyboard */ = {
			isa = PBXVariantGroup;
			children = (
				714E0CFC1C7FC75600341A5B /* Base */,
			);
			name = Main.storyboard;
			sourceTree = "<group>";
		};
		714E0D001C7FC75600341A5B /* LaunchScreen.storyboard */ = {
			isa = PBXVariantGroup;
			children = (
				714E0D011C7FC75600341A5B /* Base */,
			);
			name = LaunchScreen.storyboard;
			sourceTree = "<group>";
		};
/* End PBXVariantGroup section */

/* Begin XCBuildConfiguration section */
		714E0D1A1C7FC75600341A5B /* Debug */ = {
			isa = XCBuildConfiguration;
			buildSettings = {
				ALWAYS_SEARCH_USER_PATHS = NO;
				CLANG_CXX_LANGUAGE_STANDARD = "gnu++0x";
				CLANG_CXX_LIBRARY = "libc++";
				CLANG_ENABLE_MODULES = YES;
				CLANG_ENABLE_OBJC_ARC = YES;
				CLANG_WARN_BOOL_CONVERSION = YES;
				CLANG_WARN_CONSTANT_CONVERSION = YES;
				CLANG_WARN_DIRECT_OBJC_ISA_USAGE = YES_ERROR;
				CLANG_WARN_EMPTY_BODY = YES;
				CLANG_WARN_ENUM_CONVERSION = YES;
				CLANG_WARN_INT_CONVERSION = YES;
				CLANG_WARN_OBJC_ROOT_CLASS = YES_ERROR;
				CLANG_WARN_UNREACHABLE_CODE = YES;
				CLANG_WARN__DUPLICATE_METHOD_MATCH = YES;
				"CODE_SIGN_IDENTITY[sdk=iphoneos*]" = "iPhone Developer";
				COPY_PHASE_STRIP = NO;
				DEBUG_INFORMATION_FORMAT = dwarf;
				ENABLE_STRICT_OBJC_MSGSEND = YES;
				ENABLE_TESTABILITY = YES;
				GCC_C_LANGUAGE_STANDARD = gnu99;
				GCC_DYNAMIC_NO_PIC = NO;
				GCC_NO_COMMON_BLOCKS = YES;
				GCC_OPTIMIZATION_LEVEL = 0;
				GCC_PREPROCESSOR_DEFINITIONS = (
					"DEBUG=1",
					"$(inherited)",
				);
				GCC_WARN_64_TO_32_BIT_CONVERSION = YES;
				GCC_WARN_ABOUT_RETURN_TYPE = YES_ERROR;
				GCC_WARN_UNDECLARED_SELECTOR = YES;
				GCC_WARN_UNINITIALIZED_AUTOS = YES_AGGRESSIVE;
				GCC_WARN_UNUSED_FUNCTION = YES;
				GCC_WARN_UNUSED_VARIABLE = YES;
				IPHONEOS_DEPLOYMENT_TARGET = 9.2;
				MTL_ENABLE_DEBUG_INFO = YES;
				ONLY_ACTIVE_ARCH = YES;
				SDKROOT = iphoneos;
				SWIFT_OPTIMIZATION_LEVEL = "-Onone";
			};
			name = Debug;
		};
		714E0D1B1C7FC75600341A5B /* Release */ = {
			isa = XCBuildConfiguration;
			buildSettings = {
				ALWAYS_SEARCH_USER_PATHS = NO;
				CLANG_CXX_LANGUAGE_STANDARD = "gnu++0x";
				CLANG_CXX_LIBRARY = "libc++";
				CLANG_ENABLE_MODULES = YES;
				CLANG_ENABLE_OBJC_ARC = YES;
				CLANG_WARN_BOOL_CONVERSION = YES;
				CLANG_WARN_CONSTANT_CONVERSION = YES;
				CLANG_WARN_DIRECT_OBJC_ISA_USAGE = YES_ERROR;
				CLANG_WARN_EMPTY_BODY = YES;
				CLANG_WARN_ENUM_CONVERSION = YES;
				CLANG_WARN_INT_CONVERSION = YES;
				CLANG_WARN_OBJC_ROOT_CLASS = YES_ERROR;
				CLANG_WARN_UNREACHABLE_CODE = YES;
				CLANG_WARN__DUPLICATE_METHOD_MATCH = YES;
				"CODE_SIGN_IDENTITY[sdk=iphoneos*]" = "iPhone Developer";
				COPY_PHASE_STRIP = NO;
				DEBUG_INFORMATION_FORMAT = "dwarf-with-dsym";
				ENABLE_NS_ASSERTIONS = NO;
				ENABLE_STRICT_OBJC_MSGSEND = YES;
				GCC_C_LANGUAGE_STANDARD = gnu99;
				GCC_NO_COMMON_BLOCKS = YES;
				GCC_WARN_64_TO_32_BIT_CONVERSION = YES;
				GCC_WARN_ABOUT_RETURN_TYPE = YES_ERROR;
				GCC_WARN_UNDECLARED_SELECTOR = YES;
				GCC_WARN_UNINITIALIZED_AUTOS = YES_AGGRESSIVE;
				GCC_WARN_UNUSED_FUNCTION = YES;
				GCC_WARN_UNUSED_VARIABLE = YES;
				IPHONEOS_DEPLOYMENT_TARGET = 9.2;
				MTL_ENABLE_DEBUG_INFO = NO;
				SDKROOT = iphoneos;
				VALIDATE_PRODUCT = YES;
			};
			name = Release;
		};
		714E0D1D1C7FC75600341A5B /* Debug */ = {
			isa = XCBuildConfiguration;
			buildSettings = {
				ASSETCATALOG_COMPILER_APPICON_NAME = AppIcon;
				INFOPLIST_FILE = stop_go/Info.plist;
				LD_RUNPATH_SEARCH_PATHS = "$(inherited) @executable_path/Frameworks";
				PRODUCT_BUNDLE_IDENTIFIER = "com.joegallagher.stop-go.stop-go";
				PRODUCT_NAME = "$(TARGET_NAME)";
			};
			name = Debug;
		};
		714E0D1E1C7FC75600341A5B /* Release */ = {
			isa = XCBuildConfiguration;
			buildSettings = {
				ASSETCATALOG_COMPILER_APPICON_NAME = AppIcon;
				INFOPLIST_FILE = stop_go/Info.plist;
				LD_RUNPATH_SEARCH_PATHS = "$(inherited) @executable_path/Frameworks";
				PRODUCT_BUNDLE_IDENTIFIER = "com.joegallagher.stop-go.stop-go";
				PRODUCT_NAME = "$(TARGET_NAME)";
			};
			name = Release;
		};
		714E0D201C7FC75600341A5B /* Debug */ = {
			isa = XCBuildConfiguration;
			buildSettings = {
				BUNDLE_LOADER = "$(TEST_HOST)";
				INFOPLIST_FILE = stop_goTests/Info.plist;
				LD_RUNPATH_SEARCH_PATHS = "$(inherited) @executable_path/Frameworks @loader_path/Frameworks";
				PRODUCT_BUNDLE_IDENTIFIER = "com.joegallagher.stop-go.stop-goTests";
				PRODUCT_NAME = "$(TARGET_NAME)";
				TEST_HOST = "$(BUILT_PRODUCTS_DIR)/stop_go.app/stop_go";
			};
			name = Debug;
		};
		714E0D211C7FC75600341A5B /* Release */ = {
			isa = XCBuildConfiguration;
			buildSettings = {
				BUNDLE_LOADER = "$(TEST_HOST)";
				INFOPLIST_FILE = stop_goTests/Info.plist;
				LD_RUNPATH_SEARCH_PATHS = "$(inherited) @executable_path/Frameworks @loader_path/Frameworks";
				PRODUCT_BUNDLE_IDENTIFIER = "com.joegallagher.stop-go.stop-goTests";
				PRODUCT_NAME = "$(TARGET_NAME)";
				TEST_HOST = "$(BUILT_PRODUCTS_DIR)/stop_go.app/stop_go";
			};
			name = Release;
		};
		714E0D231C7FC75600341A5B /* Debug */ = {
			isa = XCBuildConfiguration;
			buildSettings = {
				INFOPLIST_FILE = stop_goUITests/Info.plist;
				LD_RUNPATH_SEARCH_PATHS = "$(inherited) @executable_path/Frameworks @loader_path/Frameworks";
				PRODUCT_BUNDLE_IDENTIFIER = "com.joegallagher.stop-go.stop-goUITests";
				PRODUCT_NAME = "$(TARGET_NAME)";
				TEST_TARGET_NAME = stop_go;
				USES_XCTRUNNER = YES;
			};
			name = Debug;
		};
		714E0D241C7FC75600341A5B /* Release */ = {
			isa = XCBuildConfiguration;
			buildSettings = {
				INFOPLIST_FILE = stop_goUITests/Info.plist;
				LD_RUNPATH_SEARCH_PATHS = "$(inherited) @executable_path/Frameworks @loader_path/Frameworks";
				PRODUCT_BUNDLE_IDENTIFIER = "com.joegallagher.stop-go.stop-goUITests";
				PRODUCT_NAME = "$(TARGET_NAME)";
				TEST_TARGET_NAME = stop_go;
				USES_XCTRUNNER = YES;
			};
			name = Release;
		};
/* End XCBuildConfiguration section */

/* Begin XCConfigurationList section */
		714E0CEF1C7FC75600341A5B /* Build configuration list for PBXProject "stop_go" */ = {
			isa = XCConfigurationList;
			buildConfigurations = (
				714E0D1A1C7FC75600341A5B /* Debug */,
				714E0D1B1C7FC75600341A5B /* Release */,
			);
			defaultConfigurationIsVisible = 0;
			defaultConfigurationName = Release;
		};
		714E0D1C1C7FC75600341A5B /* Build configuration list for PBXNativeTarget "stop_go" */ = {
			isa = XCConfigurationList;
			buildConfigurations = (
				714E0D1D1C7FC75600341A5B /* Debug */,
				714E0D1E1C7FC75600341A5B /* Release */,
			);
			defaultConfigurationIsVisible = 0;
		};
		714E0D1F1C7FC75600341A5B /* Build configuration list for PBXNativeTarget "stop_goTests" */ = {
			isa = XCConfigurationList;
			buildConfigurations = (
				714E0D201C7FC75600341A5B /* Debug */,
				714E0D211C7FC75600341A5B /* Release */,
			);
			defaultConfigurationIsVisible = 0;
		};
		714E0D221C7FC75600341A5B /* Build configuration list for PBXNativeTarget "stop_goUITests" */ = {
			isa = XCConfigurationList;
			buildConfigurations = (
				714E0D231C7FC75600341A5B /* Debug */,
				714E0D241C7FC75600341A5B /* Release */,
			);
			defaultConfigurationIsVisible = 0;
		};
/* End XCConfigurationList section */
	};
	rootObject = 714E0CEC1C7FC75600341A5B /* Project object */;
}
